
Microsoft Visual Studio Solution File, Format Version 12.00
Project("{2150E333-8FDC-42A3-9474-1A3956D46DE8}") = "Identity", "Identity", "{0E75860F-35ED-4BA6-A326-2B2A28056D13}"
EndProject
Project("{2150E333-8FDC-42A3-9474-1A3956D46DE8}") = "Hobies", "Hobies", "{ACB23D02-DB92-45A6-975D-08C9DB8F6B60}"
EndProject
Project("{2150E333-8FDC-42A3-9474-1A3956D46DE8}") = "Logs", "Logs", "{1A3FE6F7-55F3-4C33-AB4D-62B6EE9EE1E0}"
EndProject
Project("{2150E333-8FDC-42A3-9474-1A3956D46DE8}") = "Gateway", "Gateway", "{4A6AA3D2-2CA1-4AF4-A335-C7BA546B816F}"
EndProject
Project("{FAE04EC0-301F-11D3-BF4B-00C04F79EFBC}") = "Identity.Application", "Identity\Identity.Application\Identity.Application\Identity.Application.csproj", "{B35725BD-8E05-4466-A882-E1DC11A00979}"
EndProject
Project("{FAE04EC0-301F-11D3-BF4B-00C04F79EFBC}") = "Identity.Domain", "Identity\Identity.Domain\Identity.Domain\Identity.Domain.csproj", "{01E8CF33-A1A1-4D37-A748-C62D428E8DC9}"
EndProject
Project("{FAE04EC0-301F-11D3-BF4B-00C04F79EFBC}") = "Hobbies.API", "Hobbies\Hobbies.API\Hobbies.API\Hobbies.API.csproj", "{49D20F2D-4F91-4255-83BA-A7A18F791B75}"
EndProject
Project("{FAE04EC0-301F-11D3-BF4B-00C04F79EFBC}") = "Hobbies.Application", "Hobbies\Hobbies.Application\Hobbies.Application\Hobbies.Application.csproj", "{40509E10-19D2-4183-B1C9-AF0B1E2C0454}"
EndProject
Project("{FAE04EC0-301F-11D3-BF4B-00C04F79EFBC}") = "Hobbies.Infrastructure", "Hobbies\Hobbies.Infrastructure\Hobbies.Infrastructure\Hobbies.Infrastructure.csproj", "{841DBBEE-FACF-4BCE-A88E-5FCAE475FD97}"
EndProject
Project("{FAE04EC0-301F-11D3-BF4B-00C04F79EFBC}") = "Hobbies.Domain", "Hobbies\Hobbies.Domain\Hobbies.Domain\Hobbies.Domain.csproj", "{18594419-A022-40E8-9DA7-E54AF60F590B}"
EndProject
Project("{FAE04EC0-301F-11D3-BF4B-00C04F79EFBC}") = "Identity.API", "Identity\Identity.API\Identity.API\Identity.API.csproj", "{227E53DF-954D-470E-92C1-7C4466163504}"
EndProject
Project("{FAE04EC0-301F-11D3-BF4B-00C04F79EFBC}") = "Identity.Infrastructure", "Identity\Identity.Infrastructure\Identity.Infrastructure\Identity.Infrastructure.csproj", "{597E8152-A69A-44A8-8831-34A75A9C9082}"
EndProject
Project("{FAE04EC0-301F-11D3-BF4B-00C04F79EFBC}") = "Logs.Application", "Logs\Logs.Application\Logs.Application\Logs.Application.csproj", "{97C3E893-E501-4068-B069-6D51B443B3B6}"
EndProject
Project("{FAE04EC0-301F-11D3-BF4B-00C04F79EFBC}") = "Logs.Domain", "Logs\Logs.Domain\Logs.Domain\Logs.Domain.csproj", "{5AE02666-D687-4AF4-AC17-9C83CCEE8BB0}"
EndProject
Project("{FAE04EC0-301F-11D3-BF4B-00C04F79EFBC}") = "Logs.API", "Logs\Logs.API\Logs.API\Logs.API.csproj", "{8C44862F-D1D5-4207-BFF2-B0FC9B075F99}"
EndProject
Project("{FAE04EC0-301F-11D3-BF4B-00C04F79EFBC}") = "Logs.Infrastructure", "Logs\Logs.Infrastructure\Logs.Infrastructure\Logs.Infrastructure.csproj", "{D47F4E0F-5226-4FD6-A865-6AB11A37FCBE}"
EndProject
Project("{FAE04EC0-301F-11D3-BF4B-00C04F79EFBC}") = "Gateway.API", "Gateway\Gateway.API\Gateway.API\Gateway.API.csproj", "{F898C459-237C-448E-9FAD-BFF7476B0D88}"
EndProject
Global
	GlobalSection(SolutionConfigurationPlatforms) = preSolution
		Debug|Any CPU = Debug|Any CPU
		Release|Any CPU = Release|Any CPU
	EndGlobalSection
	GlobalSection(NestedProjects) = preSolution
		{B35725BD-8E05-4466-A882-E1DC11A00979} = {0E75860F-35ED-4BA6-A326-2B2A28056D13}
		{01E8CF33-A1A1-4D37-A748-C62D428E8DC9} = {0E75860F-35ED-4BA6-A326-2B2A28056D13}
		{49D20F2D-4F91-4255-83BA-A7A18F791B75} = {ACB23D02-DB92-45A6-975D-08C9DB8F6B60}
		{40509E10-19D2-4183-B1C9-AF0B1E2C0454} = {ACB23D02-DB92-45A6-975D-08C9DB8F6B60}
		{841DBBEE-FACF-4BCE-A88E-5FCAE475FD97} = {ACB23D02-DB92-45A6-975D-08C9DB8F6B60}
		{18594419-A022-40E8-9DA7-E54AF60F590B} = {ACB23D02-DB92-45A6-975D-08C9DB8F6B60}
		{227E53DF-954D-470E-92C1-7C4466163504} = {0E75860F-35ED-4BA6-A326-2B2A28056D13}
		{597E8152-A69A-44A8-8831-34A75A9C9082} = {0E75860F-35ED-4BA6-A326-2B2A28056D13}
		{97C3E893-E501-4068-B069-6D51B443B3B6} = {1A3FE6F7-55F3-4C33-AB4D-62B6EE9EE1E0}
		{5AE02666-D687-4AF4-AC17-9C83CCEE8BB0} = {1A3FE6F7-55F3-4C33-AB4D-62B6EE9EE1E0}
		{8C44862F-D1D5-4207-BFF2-B0FC9B075F99} = {1A3FE6F7-55F3-4C33-AB4D-62B6EE9EE1E0}
		{D47F4E0F-5226-4FD6-A865-6AB11A37FCBE} = {1A3FE6F7-55F3-4C33-AB4D-62B6EE9EE1E0}
		{F898C459-237C-448E-9FAD-BFF7476B0D88} = {4A6AA3D2-2CA1-4AF4-A335-C7BA546B816F}
	EndGlobalSection
	GlobalSection(ProjectConfigurationPlatforms) = postSolution
		{B35725BD-8E05-4466-A882-E1DC11A00979}.Debug|Any CPU.ActiveCfg = Debug|Any CPU
		{B35725BD-8E05-4466-A882-E1DC11A00979}.Debug|Any CPU.Build.0 = Debug|Any CPU
		{B35725BD-8E05-4466-A882-E1DC11A00979}.Release|Any CPU.ActiveCfg = Release|Any CPU
		{B35725BD-8E05-4466-A882-E1DC11A00979}.Release|Any CPU.Build.0 = Release|Any CPU
		{01E8CF33-A1A1-4D37-A748-C62D428E8DC9}.Debug|Any CPU.ActiveCfg = Debug|Any CPU
		{01E8CF33-A1A1-4D37-A748-C62D428E8DC9}.Debug|Any CPU.Build.0 = Debug|Any CPU
		{01E8CF33-A1A1-4D37-A748-C62D428E8DC9}.Release|Any CPU.ActiveCfg = Release|Any CPU
		{01E8CF33-A1A1-4D37-A748-C62D428E8DC9}.Release|Any CPU.Build.0 = Release|Any CPU
		{49D20F2D-4F91-4255-83BA-A7A18F791B75}.Debug|Any CPU.ActiveCfg = Debug|Any CPU
		{49D20F2D-4F91-4255-83BA-A7A18F791B75}.Debug|Any CPU.Build.0 = Debug|Any CPU
		{49D20F2D-4F91-4255-83BA-A7A18F791B75}.Release|Any CPU.ActiveCfg = Release|Any CPU
		{49D20F2D-4F91-4255-83BA-A7A18F791B75}.Release|Any CPU.Build.0 = Release|Any CPU
		{40509E10-19D2-4183-B1C9-AF0B1E2C0454}.Debug|Any CPU.ActiveCfg = Debug|Any CPU
		{40509E10-19D2-4183-B1C9-AF0B1E2C0454}.Debug|Any CPU.Build.0 = Debug|Any CPU
		{40509E10-19D2-4183-B1C9-AF0B1E2C0454}.Release|Any CPU.ActiveCfg = Release|Any CPU
		{40509E10-19D2-4183-B1C9-AF0B1E2C0454}.Release|Any CPU.Build.0 = Release|Any CPU
		{841DBBEE-FACF-4BCE-A88E-5FCAE475FD97}.Debug|Any CPU.ActiveCfg = Debug|Any CPU
		{841DBBEE-FACF-4BCE-A88E-5FCAE475FD97}.Debug|Any CPU.Build.0 = Debug|Any CPU
		{841DBBEE-FACF-4BCE-A88E-5FCAE475FD97}.Release|Any CPU.ActiveCfg = Release|Any CPU
		{841DBBEE-FACF-4BCE-A88E-5FCAE475FD97}.Release|Any CPU.Build.0 = Release|Any CPU
		{18594419-A022-40E8-9DA7-E54AF60F590B}.Debug|Any CPU.ActiveCfg = Debug|Any CPU
		{18594419-A022-40E8-9DA7-E54AF60F590B}.Debug|Any CPU.Build.0 = Debug|Any CPU
		{18594419-A022-40E8-9DA7-E54AF60F590B}.Release|Any CPU.ActiveCfg = Release|Any CPU
		{18594419-A022-40E8-9DA7-E54AF60F590B}.Release|Any CPU.Build.0 = Release|Any CPU
		{227E53DF-954D-470E-92C1-7C4466163504}.Debug|Any CPU.ActiveCfg = Debug|Any CPU
		{227E53DF-954D-470E-92C1-7C4466163504}.Debug|Any CPU.Build.0 = Debug|Any CPU
		{227E53DF-954D-470E-92C1-7C4466163504}.Release|Any CPU.ActiveCfg = Release|Any CPU
		{227E53DF-954D-470E-92C1-7C4466163504}.Release|Any CPU.Build.0 = Release|Any CPU
		{597E8152-A69A-44A8-8831-34A75A9C9082}.Debug|Any CPU.ActiveCfg = Debug|Any CPU
		{597E8152-A69A-44A8-8831-34A75A9C9082}.Debug|Any CPU.Build.0 = Debug|Any CPU
		{597E8152-A69A-44A8-8831-34A75A9C9082}.Release|Any CPU.ActiveCfg = Release|Any CPU
		{597E8152-A69A-44A8-8831-34A75A9C9082}.Release|Any CPU.Build.0 = Release|Any CPU
		{97C3E893-E501-4068-B069-6D51B443B3B6}.Debug|Any CPU.ActiveCfg = Debug|Any CPU
		{97C3E893-E501-4068-B069-6D51B443B3B6}.Debug|Any CPU.Build.0 = Debug|Any CPU
		{97C3E893-E501-4068-B069-6D51B443B3B6}.Release|Any CPU.ActiveCfg = Release|Any CPU
		{97C3E893-E501-4068-B069-6D51B443B3B6}.Release|Any CPU.Build.0 = Release|Any CPU
		{5AE02666-D687-4AF4-AC17-9C83CCEE8BB0}.Debug|Any CPU.ActiveCfg = Debug|Any CPU
		{5AE02666-D687-4AF4-AC17-9C83CCEE8BB0}.Debug|Any CPU.Build.0 = Debug|Any CPU
		{5AE02666-D687-4AF4-AC17-9C83CCEE8BB0}.Release|Any CPU.ActiveCfg = Release|Any CPU
		{5AE02666-D687-4AF4-AC17-9C83CCEE8BB0}.Release|Any CPU.Build.0 = Release|Any CPU
		{8C44862F-D1D5-4207-BFF2-B0FC9B075F99}.Debug|Any CPU.ActiveCfg = Debug|Any CPU
		{8C44862F-D1D5-4207-BFF2-B0FC9B075F99}.Debug|Any CPU.Build.0 = Debug|Any CPU
		{8C44862F-D1D5-4207-BFF2-B0FC9B075F99}.Release|Any CPU.ActiveCfg = Release|Any CPU
		{8C44862F-D1D5-4207-BFF2-B0FC9B075F99}.Release|Any CPU.Build.0 = Release|Any CPU
		{D47F4E0F-5226-4FD6-A865-6AB11A37FCBE}.Debug|Any CPU.ActiveCfg = Debug|Any CPU
		{D47F4E0F-5226-4FD6-A865-6AB11A37FCBE}.Debug|Any CPU.Build.0 = Debug|Any CPU
		{D47F4E0F-5226-4FD6-A865-6AB11A37FCBE}.Release|Any CPU.ActiveCfg = Release|Any CPU
		{D47F4E0F-5226-4FD6-A865-6AB11A37FCBE}.Release|Any CPU.Build.0 = Release|Any CPU
		{F898C459-237C-448E-9FAD-BFF7476B0D88}.Debug|Any CPU.ActiveCfg = Debug|Any CPU
		{F898C459-237C-448E-9FAD-BFF7476B0D88}.Debug|Any CPU.Build.0 = Debug|Any CPU
		{F898C459-237C-448E-9FAD-BFF7476B0D88}.Release|Any CPU.ActiveCfg = Release|Any CPU
		{F898C459-237C-448E-9FAD-BFF7476B0D88}.Release|Any CPU.Build.0 = Release|Any CPU
	EndGlobalSection
EndGlobal
